
Microsoft Visual Studio Solution File, Format Version 12.00
# Visual Studio Version 17
VisualStudioVersion = 17.1.32319.34
MinimumVisualStudioVersion = 15.0.26124.0
Project("{9A19103F-16F7-4668-BE54-9A1E7A4F7556}") = "WebUI", "WebUI\WebUI.csproj", "{CA1D47BE-98E5-47AF-A2F2-F947E48345A2}"
EndProject
Global
	GlobalSection(SolutionConfigurationPlatforms) = preSolution
		Debug|Any CPU = Debug|Any CPU
		Release|Any CPU = Release|Any CPU
	EndGlobalSection
	GlobalSection(ProjectConfigurationPlatforms) = postSolution
		{CA1D47BE-98E5-47AF-A2F2-F947E48345A2}.Debug|Any CPU.ActiveCfg = Debug|Any CPU
		{CA1D47BE-98E5-47AF-A2F2-F947E48345A2}.Debug|Any CPU.Build.0 = Debug|Any CPU
		{CA1D47BE-98E5-47AF-A2F2-F947E48345A2}.Release|Any CPU.ActiveCfg = Release|Any CPU
		{CA1D47BE-98E5-47AF-A2F2-F947E48345A2}.Release|Any CPU.Build.0 = Release|Any CPU
	EndGlobalSection
	GlobalSection(SolutionProperties) = preSolution
		HideSolutionNode = FALSE
	EndGlobalSection
	GlobalSection(ExtensibilityGlobals) = postSolution
		SolutionGuid = {A629F572-4FEF-49B0-9D97-2A2D63A669A1}
	EndGlobalSection
EndGlobal
